
Microsoft Visual Studio Solution File, Format Version 12.00
# Visual Studio Version 17
VisualStudioVersion = 17.7.34018.315
MinimumVisualStudioVersion = 10.0.40219.1
Project("{9A19103F-16F7-4668-BE54-9A1E7A4F7556}") = "TaskAPIProject", "TaskAPIProject.csproj", "{49934C99-132D-4265-9D83-F09E44F730DD}"
EndProject
Project("{9A19103F-16F7-4668-BE54-9A1E7A4F7556}") = "TaskAPIProject.Models", "..\TaskAPIProject.Models\TaskAPIProject.Models.csproj", "{10A209F2-5E36-462B-8B05-33C6AB2214B4}"
EndProject
Project("{9A19103F-16F7-4668-BE54-9A1E7A4F7556}") = "TaskAPIProject.Services", "..\TaskAPIProject.Services\TaskAPIProject.Services.csproj", "{D793FCF4-0E6A-415D-B540-8A4451F0925E}"
EndProject
Project("{FAE04EC0-301F-11D3-BF4B-00C04F79EFBC}") = "TaskAPIProject.DataAccess", "..\TaskAPIProject.DataAccess\TaskAPIProject.DataAccess.csproj", "{537D7426-F54A-4FBA-9705-4A79F0229CC6}"
EndProject
Global
	GlobalSection(SolutionConfigurationPlatforms) = preSolution
		Debug|Any CPU = Debug|Any CPU
		Release|Any CPU = Release|Any CPU
	EndGlobalSection
	GlobalSection(ProjectConfigurationPlatforms) = postSolution
		{49934C99-132D-4265-9D83-F09E44F730DD}.Debug|Any CPU.ActiveCfg = Debug|Any CPU
		{49934C99-132D-4265-9D83-F09E44F730DD}.Debug|Any CPU.Build.0 = Debug|Any CPU
		{49934C99-132D-4265-9D83-F09E44F730DD}.Release|Any CPU.ActiveCfg = Release|Any CPU
		{49934C99-132D-4265-9D83-F09E44F730DD}.Release|Any CPU.Build.0 = Release|Any CPU
		{10A209F2-5E36-462B-8B05-33C6AB2214B4}.Debug|Any CPU.ActiveCfg = Debug|Any CPU
		{10A209F2-5E36-462B-8B05-33C6AB2214B4}.Debug|Any CPU.Build.0 = Debug|Any CPU
		{10A209F2-5E36-462B-8B05-33C6AB2214B4}.Release|Any CPU.ActiveCfg = Release|Any CPU
		{10A209F2-5E36-462B-8B05-33C6AB2214B4}.Release|Any CPU.Build.0 = Release|Any CPU
		{D793FCF4-0E6A-415D-B540-8A4451F0925E}.Debug|Any CPU.ActiveCfg = Debug|Any CPU
		{D793FCF4-0E6A-415D-B540-8A4451F0925E}.Debug|Any CPU.Build.0 = Debug|Any CPU
		{D793FCF4-0E6A-415D-B540-8A4451F0925E}.Release|Any CPU.ActiveCfg = Release|Any CPU
		{D793FCF4-0E6A-415D-B540-8A4451F0925E}.Release|Any CPU.Build.0 = Release|Any CPU
		{537D7426-F54A-4FBA-9705-4A79F0229CC6}.Debug|Any CPU.ActiveCfg = Debug|Any CPU
		{537D7426-F54A-4FBA-9705-4A79F0229CC6}.Debug|Any CPU.Build.0 = Debug|Any CPU
		{537D7426-F54A-4FBA-9705-4A79F0229CC6}.Release|Any CPU.ActiveCfg = Release|Any CPU
		{537D7426-F54A-4FBA-9705-4A79F0229CC6}.Release|Any CPU.Build.0 = Release|Any CPU
	EndGlobalSection
	GlobalSection(SolutionProperties) = preSolution
		HideSolutionNode = FALSE
	EndGlobalSection
	GlobalSection(ExtensibilityGlobals) = postSolution
		SolutionGuid = {2E6EE166-BB6F-4AC6-97CF-806D2AD75A3B}
	EndGlobalSection
EndGlobal
